
Microsoft Visual Studio Solution File, Format Version 12.00
# Visual Studio Version 17
VisualStudioVersion = 17.1.32210.238
MinimumVisualStudioVersion = 10.0.40219.1
Project("{FAE04EC0-301F-11D3-BF4B-00C04F79EFBC}") = "tpmodul5_1302204034", "tpmodul5_1302204034\tpmodul5_1302204034.csproj", "{170014F6-AF7E-4850-ABF0-0669E1F52635}"
EndProject
Global
	GlobalSection(SolutionConfigurationPlatforms) = preSolution
		Debug|Any CPU = Debug|Any CPU
		Release|Any CPU = Release|Any CPU
	EndGlobalSection
	GlobalSection(ProjectConfigurationPlatforms) = postSolution
		{170014F6-AF7E-4850-ABF0-0669E1F52635}.Debug|Any CPU.ActiveCfg = Debug|Any CPU
		{170014F6-AF7E-4850-ABF0-0669E1F52635}.Debug|Any CPU.Build.0 = Debug|Any CPU
		{170014F6-AF7E-4850-ABF0-0669E1F52635}.Release|Any CPU.ActiveCfg = Release|Any CPU
		{170014F6-AF7E-4850-ABF0-0669E1F52635}.Release|Any CPU.Build.0 = Release|Any CPU
	EndGlobalSection
	GlobalSection(SolutionProperties) = preSolution
		HideSolutionNode = FALSE
	EndGlobalSection
	GlobalSection(ExtensibilityGlobals) = postSolution
		SolutionGuid = {4D78BFAC-D057-419A-AEA0-5045C74B2FCE}
	EndGlobalSection
EndGlobal
